
Microsoft Visual Studio Solution File, Format Version 12.00
# Visual Studio 14
VisualStudioVersion = 14.0.25123.0
MinimumVisualStudioVersion = 10.0.40219.1
Project("{FAE04EC0-301F-11D3-BF4B-00C04F79EFBC}") = "CrashingCost", "CrashingCost\CrashingCost.csproj", "{941B3566-B040-4513-9383-5C04BC2D345F}"
EndProject
Global
	GlobalSection(SolutionConfigurationPlatforms) = preSolution
		Debug|Any CPU = Debug|Any CPU
		Release|Any CPU = Release|Any CPU
	EndGlobalSection
	GlobalSection(ProjectConfigurationPlatforms) = postSolution
		{941B3566-B040-4513-9383-5C04BC2D345F}.Debug|Any CPU.ActiveCfg = Debug|Any CPU
		{941B3566-B040-4513-9383-5C04BC2D345F}.Debug|Any CPU.Build.0 = Debug|Any CPU
		{941B3566-B040-4513-9383-5C04BC2D345F}.Release|Any CPU.ActiveCfg = Release|Any CPU
		{941B3566-B040-4513-9383-5C04BC2D345F}.Release|Any CPU.Build.0 = Release|Any CPU
	EndGlobalSection
	GlobalSection(SolutionProperties) = preSolution
		HideSolutionNode = FALSE
	EndGlobalSection
EndGlobal
